lockfileVersion: 5.4

specifiers:
  '@xing.wu/axios': ^1.0.9
  dayjs: ^1.11.5

dependencies:
  '@xing.wu/axios': 1.0.9
  dayjs: 1.11.5

packages:

  /@xing.wu/axios/1.0.9:
    resolution: {integrity: sha512-SaLAMOh2EXI0lwnVpJ5QqfDip7bMR6UnoUQri7wKlMqOtXwRIa0L5udHk1Vgd0RvsfaD5MEt1wnf0bO2zOaHgw==}
    dependencies:
      axios: 0.21.4
      qs: 6.11.0
    transitivePeerDependencies:
      - debug
    dev: false

  /axios/0.21.4:
    resolution: {integrity: sha512-ut5vewkiu8jjGBdqpM44XxjuCjq9LAKeHVmoVfHVzy8eHgxxq8SbAVQNovDA8mVi05kP0Ea/n/UzcSHcTJQfNg==}
    dependencies:
      follow-redirects: 1.15.2
    transitivePeerDependencies:
      - debug
    dev: false

  /call-bind/1.0.2:
    resolution: {integrity: sha512-7O+FbCihrB5WGbFYesctwmTKae6rOiIzmz1icreWJ+0aA7LJfuqhEso2T9ncpcFtzMQtzXf2QGGueWJGTYsqrA==}
    dependencies:
      function-bind: 1.1.1
      get-intrinsic: 1.1.3
    dev: false

  /dayjs/1.11.5:
    resolution: {integrity: sha512-CAdX5Q3YW3Gclyo5Vpqkgpj8fSdLQcRuzfX6mC6Phy0nfJ0eGYOeS7m4mt2plDWLAtA4TqTakvbboHvUxfe4iA==}
    dev: false

  /follow-redirects/1.15.2:
    resolution: {integrity: sha512-VQLG33o04KaQ8uYi2tVNbdrWp1QWxNNea+nmIB4EVM28v0hmP17z7aG1+wAkNzVq4KeXTq3221ye5qTJP91JwA==}
    engines: {node: '>=4.0'}
    peerDependencies:
      debug: '*'
    peerDependenciesMeta:
      debug:
        optional: true
    dev: false

  /function-bind/1.1.1:
    resolution: {integrity: sha512-yIovAzMX49sF8Yl58fSCWJ5svSLuaibPxXQJFLmBObTuCr0Mf1KiPopGM9NiFjiYBCbfaa2Fh6breQ6ANVTI0A==}
    dev: false

  /get-intrinsic/1.1.3:
    resolution: {integrity: sha512-QJVz1Tj7MS099PevUG5jvnt9tSkXN8K14dxQlikJuPt4uD9hHAHjLyLBiLR5zELelBdD9QNRAXZzsJx0WaDL9A==}
    dependencies:
      function-bind: 1.1.1
      has: 1.0.3
      has-symbols: 1.0.3
    dev: false

  /has-symbols/1.0.3:
    resolution: {integrity: sha512-l3LCuF6MgDNwTDKkdYGEihYjt5pRPbEg46rtlmnSPlUbgmB8LOIrKJbYYFBSbnPaJexMKtiPO8hmeRjRz2Td+A==}
    engines: {node: '>= 0.4'}
    dev: false

  /has/1.0.3:
    resolution: {integrity: sha512-f2dvO0VU6Oej7RkWJGrehjbzMAjFp5/VKPp5tTpWIV4JHHZK1/BxbFRtf/siA2SWTe09caDmVtYYzWEIbBS4zw==}
    engines: {node: '>= 0.4.0'}
    dependencies:
      function-bind: 1.1.1
    dev: false

  /object-inspect/1.12.2:
    resolution: {integrity: sha512-z+cPxW0QGUp0mcqcsgQyLVRDoXFQbXOwBaqyF7VIgI4TWNQsDHrBpUQslRmIfAoYWdYzs6UlKJtB2XJpTaNSpQ==}
    dev: false

  /qs/6.11.0:
    resolution: {integrity: sha512-MvjoMCJwEarSbUYk5O+nmoSzSutSsTwF85zcHPQ9OrlFoZOYIjaqBAJIqIXjptyD5vThxGq52Xu/MaJzRkIk4Q==}
    engines: {node: '>=0.6'}
    dependencies:
      side-channel: 1.0.4
    dev: false

  /side-channel/1.0.4:
    resolution: {integrity: sha512-q5XPytqFEIKHkGdiMIrY10mvLRvnQh42/+GoBlFW3b2LXLE2xxJpZFdm94we0BaoV3RwJyGqg5wS7epxTv0Zvw==}
    dependencies:
      call-bind: 1.0.2
      get-intrinsic: 1.1.3
      object-inspect: 1.12.2
    dev: false
